
Microsoft Visual Studio Solution File, Format Version 12.00
# Visual Studio 15
VisualStudioVersion = 15.0.28307.106
MinimumVisualStudioVersion = 10.0.40219.1
Project("{F184B08F-C81C-45F6-A57F-5ABD9991F28F}") = "Seeburger", "Seeburger.vbproj", "{BD854BBB-A730-4A03-8489-B551C60205C9}"
EndProject
Project("{F184B08F-C81C-45F6-A57F-5ABD9991F28F}") = "seeburger.order", "Order\seeburger.order\seeburger.order.vbproj", "{488C309F-EB90-43C0-AAE7-BEB808169CA2}"
EndProject
Project("{F184B08F-C81C-45F6-A57F-5ABD9991F28F}") = "seeburger.desadv", "desadv\desadv\seeburger.desadv.vbproj", "{7A5F5D87-9208-41AB-871B-79C56E924164}"
EndProject
Project("{2150E333-8FDC-42A3-9474-1A3956D46DE8}") = "bin", "bin", "{A384163B-88BC-4D55-AF47-7D9D02C78117}"
EndProject
Project("{F184B08F-C81C-45F6-A57F-5ABD9991F28F}") = "seeburger.invoic", "invoic\invoic\seeburger.invoic.vbproj", "{A1B3B7DB-94B3-4894-ACBC-654E39A4B4F5}"
EndProject
Project("{2150E333-8FDC-42A3-9474-1A3956D46DE8}") = "unwise", "unwise", "{DE5E4F75-E02B-4398-93F2-F27FC8C3B62D}"
EndProject
Project("{54435603-DBB4-11D2-8724-00A0C9A8B90C}") = "seeburger.deserial", "unwise\dunlop.edi.vdproj", "{EC77D5E7-ABB9-4B78-B9F9-6603B087CE15}"
EndProject
Project("{F184B08F-C81C-45F6-A57F-5ABD9991F28F}") = "ediftp", "..\MedatechEDI\ediftp\ediftp.vbproj", "{D5F6EBFB-C69A-49C2-99E6-1FE8B207B143}"
EndProject
Project("{2150E333-8FDC-42A3-9474-1A3956D46DE8}") = "lib", "lib", "{8A76C323-02FA-4CCF-B660-6D8ACB88B1E7}"
EndProject
Global
	GlobalSection(SolutionConfigurationPlatforms) = preSolution
		Debug|Any CPU = Debug|Any CPU
		Release|Any CPU = Release|Any CPU
	EndGlobalSection
	GlobalSection(ProjectConfigurationPlatforms) = postSolution
		{BD854BBB-A730-4A03-8489-B551C60205C9}.Debug|Any CPU.ActiveCfg = Debug|Any CPU
		{BD854BBB-A730-4A03-8489-B551C60205C9}.Debug|Any CPU.Build.0 = Debug|Any CPU
		{BD854BBB-A730-4A03-8489-B551C60205C9}.Release|Any CPU.ActiveCfg = Release|Any CPU
		{BD854BBB-A730-4A03-8489-B551C60205C9}.Release|Any CPU.Build.0 = Release|Any CPU
		{488C309F-EB90-43C0-AAE7-BEB808169CA2}.Debug|Any CPU.ActiveCfg = Debug|Any CPU
		{488C309F-EB90-43C0-AAE7-BEB808169CA2}.Debug|Any CPU.Build.0 = Debug|Any CPU
		{488C309F-EB90-43C0-AAE7-BEB808169CA2}.Release|Any CPU.ActiveCfg = Release|Any CPU
		{488C309F-EB90-43C0-AAE7-BEB808169CA2}.Release|Any CPU.Build.0 = Release|Any CPU
		{7A5F5D87-9208-41AB-871B-79C56E924164}.Debug|Any CPU.ActiveCfg = Debug|Any CPU
		{7A5F5D87-9208-41AB-871B-79C56E924164}.Debug|Any CPU.Build.0 = Debug|Any CPU
		{7A5F5D87-9208-41AB-871B-79C56E924164}.Release|Any CPU.ActiveCfg = Release|Any CPU
		{7A5F5D87-9208-41AB-871B-79C56E924164}.Release|Any CPU.Build.0 = Release|Any CPU
		{A1B3B7DB-94B3-4894-ACBC-654E39A4B4F5}.Debug|Any CPU.ActiveCfg = Debug|Any CPU
		{A1B3B7DB-94B3-4894-ACBC-654E39A4B4F5}.Debug|Any CPU.Build.0 = Debug|Any CPU
		{A1B3B7DB-94B3-4894-ACBC-654E39A4B4F5}.Release|Any CPU.ActiveCfg = Release|Any CPU
		{A1B3B7DB-94B3-4894-ACBC-654E39A4B4F5}.Release|Any CPU.Build.0 = Release|Any CPU
		{EC77D5E7-ABB9-4B78-B9F9-6603B087CE15}.Debug|Any CPU.ActiveCfg = Debug
		{EC77D5E7-ABB9-4B78-B9F9-6603B087CE15}.Release|Any CPU.ActiveCfg = Release
		{D5F6EBFB-C69A-49C2-99E6-1FE8B207B143}.Debug|Any CPU.ActiveCfg = Debug|Any CPU
		{D5F6EBFB-C69A-49C2-99E6-1FE8B207B143}.Debug|Any CPU.Build.0 = Debug|Any CPU
		{D5F6EBFB-C69A-49C2-99E6-1FE8B207B143}.Release|Any CPU.ActiveCfg = Release|Any CPU
		{D5F6EBFB-C69A-49C2-99E6-1FE8B207B143}.Release|Any CPU.Build.0 = Release|Any CPU
	EndGlobalSection
	GlobalSection(SolutionProperties) = preSolution
		HideSolutionNode = FALSE
	EndGlobalSection
	GlobalSection(NestedProjects) = preSolution
		{BD854BBB-A730-4A03-8489-B551C60205C9} = {8A76C323-02FA-4CCF-B660-6D8ACB88B1E7}
		{488C309F-EB90-43C0-AAE7-BEB808169CA2} = {A384163B-88BC-4D55-AF47-7D9D02C78117}
		{7A5F5D87-9208-41AB-871B-79C56E924164} = {A384163B-88BC-4D55-AF47-7D9D02C78117}
		{A1B3B7DB-94B3-4894-ACBC-654E39A4B4F5} = {A384163B-88BC-4D55-AF47-7D9D02C78117}
		{EC77D5E7-ABB9-4B78-B9F9-6603B087CE15} = {DE5E4F75-E02B-4398-93F2-F27FC8C3B62D}
		{D5F6EBFB-C69A-49C2-99E6-1FE8B207B143} = {A384163B-88BC-4D55-AF47-7D9D02C78117}
	EndGlobalSection
	GlobalSection(ExtensibilityGlobals) = postSolution
		SolutionGuid = {D977D165-01E1-4008-8399-F588F4ECC7CC}
	EndGlobalSection
EndGlobal
